
Microsoft Visual Studio Solution File, Format Version 12.00
# Visual Studio Version 17
VisualStudioVersion = 17.8.34525.116
MinimumVisualStudioVersion = 10.0.40219.1
Project("{9A19103F-16F7-4668-BE54-9A1E7A4F7556}") = "project1", "project1\project1.csproj", "{905B770F-3C21-43D9-970A-7E800AAF02EB}"
EndProject
Project("{9A19103F-16F7-4668-BE54-9A1E7A4F7556}") = "project2", "project2\project2.csproj", "{62672B5E-8C8C-43B7-B50F-5FB68BCCFD51}"
EndProject
Global
	GlobalSection(SolutionConfigurationPlatforms) = preSolution
		Debug|Any CPU = Debug|Any CPU
		Release|Any CPU = Release|Any CPU
	EndGlobalSection
	GlobalSection(ProjectConfigurationPlatforms) = postSolution
		{905B770F-3C21-43D9-970A-7E800AAF02EB}.Debug|Any CPU.ActiveCfg = Debug|Any CPU
		{905B770F-3C21-43D9-970A-7E800AAF02EB}.Debug|Any CPU.Build.0 = Debug|Any CPU
		{905B770F-3C21-43D9-970A-7E800AAF02EB}.Release|Any CPU.ActiveCfg = Release|Any CPU
		{905B770F-3C21-43D9-970A-7E800AAF02EB}.Release|Any CPU.Build.0 = Release|Any CPU
		{62672B5E-8C8C-43B7-B50F-5FB68BCCFD51}.Debug|Any CPU.ActiveCfg = Debug|Any CPU
		{62672B5E-8C8C-43B7-B50F-5FB68BCCFD51}.Debug|Any CPU.Build.0 = Debug|Any CPU
		{62672B5E-8C8C-43B7-B50F-5FB68BCCFD51}.Release|Any CPU.ActiveCfg = Release|Any CPU
		{62672B5E-8C8C-43B7-B50F-5FB68BCCFD51}.Release|Any CPU.Build.0 = Release|Any CPU
	EndGlobalSection
	GlobalSection(SolutionProperties) = preSolution
		HideSolutionNode = FALSE
	EndGlobalSection
	GlobalSection(ExtensibilityGlobals) = postSolution
		SolutionGuid = {CBC6F2AD-608D-44D8-883A-4F4C12FD5EC5}
	EndGlobalSection
EndGlobal
